{
  "nodes": {
    "nixinate": {
      "inputs": {
        "nixpkgs": [
          "nixpkgs"
        ]
      },
      "locked": {
        "lastModified": 1671116920,
        "narHash": "sha256-QmDGsUUmAGn77UTR7eQJmebl8f3IIUCtmbbAdJqKA3s=",
        "owner": "matthewcroughan",
        "repo": "nixinate",
        "rev": "b4d17b8e2a4abc47e93e1a1c466e0286a63640d8",
        "type": "github"
      },
      "original": {
        "owner": "matthewcroughan",
        "repo": "nixinate",
        "type": "github"
      }
    },
    "nixpkgs": {
      "locked": {
        "lastModified": 1683194677,
        "narHash": "sha256-Am7aCGNy/h6RMnvg7Pn4PHQXZZq9FyIUA9klYxBwyDI=",
        "owner": "NixOS",
        "repo": "nixpkgs",
        "rev": "0d8145a5d81ebf6698077b21042380a3a66a11c7",
        "type": "github"
      },
      "original": {
        "id": "nixpkgs",
        "ref": "nixos-unstable",
        "type": "indirect"
      }
    },
    "root": {
      "inputs": {
        "nixinate": "nixinate",
        "nixpkgs": "nixpkgs"
      }
    }
  },
  "root": "root",
  "version": 7
}
